<Solution>
  <Folder Name="/SharedInfrastructure/">
    <Project Path="SharedInfrastructure/Shared.Infrastructure.CurrentTenancyProvider/Shared.Infrastructure.CurrentTenancyProvider.csproj" />
    <Project Path="SharedInfrastructure/Shared.Infrastructure.IoC/Shared.Infrastructure.IoC.csproj" />
    <Project Path="SharedInfrastructure/Shared.Infrastructure.Initializer/Shared.Infrastructure.Initializer.csproj" />
    <Project Path="SharedInfrastructure/Shared.Infrastructure.LeaderElection/Shared.Infrastructure.LeaderElection.csproj" />
    <Project Path="SharedInfrastructure/Shared.Infrastructure.Persistence/Shared.Infrastructure.Persistence.csproj" />
    <Project Path="SharedInfrastructure/Shared.Infrastructure.Persistence.Marten/Shared.Infrastructure.Persistence.Marten.csproj" />
  </Folder>
  <Folder Name="/src/">
    <Project Path="src/CodexGateway.Api/CodexGateway.Api.csproj" />
    <Project Path="src/CodexGateway.Api.OpenAI/CodexGateway.Api.OpenAI.csproj" />
    <Project Path="src/CodexGateway.App/CodexGateway.App.csproj" />
    <Project Path="src/CodexGateway.AppHost/CodexGateway.AppHost.csproj" />
    <Project Path="src/CodexGateway.Infrastructure.Codex/CodexGateway.Infrastructure.Codex.csproj" />
    <Project Path="src/CodexGateway.McpGateway/CodexGateway.McpGateway.csproj" />
    <Project Path="src/CodexGateway.McpGateway.Http/CodexGateway.McpGateway.Http.csproj" />
    <Project Path="src/CodexGateway.McpGateway.Stdio/CodexGateway.McpGateway.Stdio.csproj" />
    <Project Path="src/CodexGateway.Infrastructure.Persistence/CodexGateway.Infrastructure.Persistence.csproj" />
    <Project Path="src/CodexGateway.Infrastructure.FileStorage/CodexGateway.Infrastructure.FileStorage.csproj" />
    <Project Path="src/CodexGateway.Logic/CodexGateway.Logic.csproj" />
    <Project Path="src/CodexGateway.Models/CodexGateway.Models.csproj" />
    <Project Path="src/CodexGateway.ServiceDefaults/CodexGateway.ServiceDefaults.csproj" />
  </Folder>
  <Folder Name="/tests/">
    <Project Path="tests/CodexGateway.EndToEndTests/CodexGateway.EndToEndTests.csproj" />
    <Project Path="tests/CodexGateway.FakeCodex/CodexGateway.FakeCodex.csproj" />
    <Project Path="tests/CodexGateway.OpenAICompatibilityTests/CodexGateway.OpenAICompatibilityTests.csproj" />
    <Project Path="tests/CodexGateway.Testing/CodexGateway.Testing.csproj" />
    <Project Path="tests/CodexGateway.Tests/CodexGateway.Tests.csproj" />
  </Folder>
</Solution>
